
Microsoft Visual Studio Solution File, Format Version 12.00
# Visual Studio 2013
VisualStudioVersion = 12.0.30501.0
MinimumVisualStudioVersion = 10.0.40219.1
Project("{00D1A9C2-B5F0-4AF3-8072-F6C62B433612}") = "Monkelo.Database", "Monkelo.Database\Monkelo.Database.sqlproj", "{272EDC9E-7CD7-4FBC-AC91-D0C820B3E9FF}"
EndProject
Project("{159641D6-6404-4A2A-AE62-294DE0FE8301}") = "Monkelo.Integration", "Monkelo.Integration\Monkelo.Integration.dtproj", "{4B6DFC5B-5D9A-4210-9BDE-E1E8F59C955D}"
	ProjectSection(ProjectDependencies) = postProject
		{272EDC9E-7CD7-4FBC-AC91-D0C820B3E9FF} = {272EDC9E-7CD7-4FBC-AC91-D0C820B3E9FF}
	EndProjectSection
EndProject
Global
	GlobalSection(SolutionConfigurationPlatforms) = preSolution
		Debug|Any CPU = Debug|Any CPU
		Development|Any CPU = Development|Any CPU
		Release|Any CPU = Release|Any CPU
	EndGlobalSection
	GlobalSection(ProjectConfigurationPlatforms) = postSolution
		{272EDC9E-7CD7-4FBC-AC91-D0C820B3E9FF}.Debug|Any CPU.ActiveCfg = Debug|Any CPU
		{272EDC9E-7CD7-4FBC-AC91-D0C820B3E9FF}.Debug|Any CPU.Build.0 = Debug|Any CPU
		{272EDC9E-7CD7-4FBC-AC91-D0C820B3E9FF}.Debug|Any CPU.Deploy.0 = Debug|Any CPU
		{272EDC9E-7CD7-4FBC-AC91-D0C820B3E9FF}.Development|Any CPU.ActiveCfg = Debug|Any CPU
		{272EDC9E-7CD7-4FBC-AC91-D0C820B3E9FF}.Development|Any CPU.Build.0 = Debug|Any CPU
		{272EDC9E-7CD7-4FBC-AC91-D0C820B3E9FF}.Development|Any CPU.Deploy.0 = Debug|Any CPU
		{272EDC9E-7CD7-4FBC-AC91-D0C820B3E9FF}.Release|Any CPU.ActiveCfg = Release|Any CPU
		{272EDC9E-7CD7-4FBC-AC91-D0C820B3E9FF}.Release|Any CPU.Build.0 = Release|Any CPU
		{272EDC9E-7CD7-4FBC-AC91-D0C820B3E9FF}.Release|Any CPU.Deploy.0 = Release|Any CPU
		{4B6DFC5B-5D9A-4210-9BDE-E1E8F59C955D}.Debug|Any CPU.ActiveCfg = Development
		{4B6DFC5B-5D9A-4210-9BDE-E1E8F59C955D}.Debug|Any CPU.Build.0 = Development
		{4B6DFC5B-5D9A-4210-9BDE-E1E8F59C955D}.Development|Any CPU.ActiveCfg = Development
		{4B6DFC5B-5D9A-4210-9BDE-E1E8F59C955D}.Development|Any CPU.Build.0 = Development
		{4B6DFC5B-5D9A-4210-9BDE-E1E8F59C955D}.Release|Any CPU.ActiveCfg = Development
		{4B6DFC5B-5D9A-4210-9BDE-E1E8F59C955D}.Release|Any CPU.Build.0 = Development
	EndGlobalSection
	GlobalSection(SolutionProperties) = preSolution
		HideSolutionNode = FALSE
	EndGlobalSection
EndGlobal
